{
  "name": "locustjs-signals",
  "version": "1.0.0",
  "lockfileVersion": 1,
  "requires": true,
  "dependencies": {
    "locustjs-base": {
      "version": "1.0.10",
      "resolved": "https://registry.npmjs.org/locustjs-base/-/locustjs-base-1.0.10.tgz",
      "integrity": "sha512-9UCLhXqbHjf6nzkWrTbTAyyxk6MvhcS6UcwoVaCIElI0YotYi58V5NMJbavZBmlRizUULEhojxXRiKlvz6Wr2w=="
    },
    "locustjs-exception": {
      "version": "1.0.2",
      "resolved": "https://registry.npmjs.org/locustjs-exception/-/locustjs-exception-1.0.2.tgz",
      "integrity": "sha512-B3WvoixE7l+Ja1ntZ61qQ6CDbjv0ZZKE+g3znSryly0nbZRYUpXvnJu0L5WLVGLPYiaFU16rAU51S4t81u17bg==",
      "requires": {
        "locustjs-base": "^1.0.9"
      }
    },
    "locustjs-extensions-array": {
      "version": "1.0.11",
      "resolved": "https://registry.npmjs.org/locustjs-extensions-array/-/locustjs-extensions-array-1.0.11.tgz",
      "integrity": "sha512-bCYVsvYnxbs7PVNM0WUuQbCMw4mZ9AK83pcnr/lplbHekRCQnXSzdLa1bXd/zrFbGF19ajNJP8YAubX8zAiEHg==",
      "requires": {
        "locustjs-base": "^1.0.7",
        "locustjs-extensions-object": "^1.0.8",
        "locustjs-extensions-options": "^1.0.5"
      }
    },
    "locustjs-extensions-object": {
      "version": "1.0.9",
      "resolved": "https://registry.npmjs.org/locustjs-extensions-object/-/locustjs-extensions-object-1.0.9.tgz",
      "integrity": "sha512-7fHW8UZpIXXATWe5Zgxnd1jfbrtzchTWf6J90wHSBNDvmCzwQ4C6z8gxXOHdjnJgihNF07zt/zLFLAlSMDzXfQ==",
      "requires": {
        "locustjs-base": "^1.0.5",
        "locustjs-extensions-options": "^1.0.5"
      }
    },
    "locustjs-extensions-options": {
      "version": "1.0.5",
      "resolved": "https://registry.npmjs.org/locustjs-extensions-options/-/locustjs-extensions-options-1.0.5.tgz",
      "integrity": "sha512-mLd2omq/7wFKUVjd8BmwpTkePd+7nuNOdo3cYMKxiNBtnFpbPHREg/2CHAj6BC+/x+68gS04sPig/itAdLFj9Q==",
      "requires": {
        "locustjs-base": "^1.0.4"
      }
    }
  }
}
